{
  "name": "web",
  "lockfileVersion": 3,
  "requires": true,
  "packages": {
    "": {
      "name": "web",
      "hasInstallScript": true,
      "dependencies": {
        "@nuxtjs/sanity": "^2.3.0",
        "nuxt": "^4.4.6",
        "vue": "^3.5.34",
        "vue-router": "^5.0.7",
        "wireit": "^0.14.12",
        "zod": "^4.4.3"
      },
      "devDependencies": {
        "@nuxt/image": "^2.0.0",
        "@nuxtjs/tailwindcss": "^6.14.0",
        "@sanity/cli": "^6.6.0",
        "@types/node": "^25.9.1",
        "@vitejs/plugin-vue": "^6.0.7",
        "@vitest/ui": "^4.1.7",
        "@vue/test-utils": "^2.4.10",
        "jsdom": "^29.1.1",
        "vitest": "^4.1.7"
      }
    },
    "../node_modules/.pnpm/@nuxt+image@2.0.0_db0@0.3.4_47fe9b6cf398156d01c85cd4c1dcb768/node_modules/@nuxt/image": {
      "version": "2.0.0",
      "dev": true,
      "license": "MIT",
      "dependencies": {
        "@nuxt/kit": "^4.2.0",
        "consola": "^3.4.2",
        "defu": "^6.1.4",
        "h3": "^1.15.4",
        "image-meta": "^0.2.2",
        "knitwork": "^1.2.0",
        "ohash": "^2.0.11",
        "pathe": "^2.0.3",
        "std-env": "^3.10.0",
        "ufo": "^1.6.1"
      },
      "devDependencies": {
        "@nuxt/eslint-config": "1.10.0",
        "@nuxt/module-builder": "1.0.2",
        "@nuxt/schema": "4.2.0",
        "@nuxt/test-utils": "^3.20.1",
        "@types/node": "^24.10.0",
        "@types/semver": "^7.7.1",
        "@unhead/vue": "^2.0.19",
        "@vitest/coverage-v8": "^3.2.4",
        "@vue/test-utils": "^2.4.6",
        "changelogen": "^0.6.2",
        "eslint": "9.39.1",
        "happy-dom": "^20.0.10",
        "installed-check": "^9.3.0",
        "ipx": "^3.1.1",
        "jiti": "2.6.1",
        "knip": "^5.67.1",
        "nitropack": "^2.12.9",
        "nuxt": "^4.2.0",
        "ofetch": "^1.5.1",
        "pkg-pr-new": "^0.0.60",
        "playwright-core": "^1.56.1",
        "semver": "^7.7.3",
        "tinyexec": "^1.0.1",
        "tinyglobby": "^0.2.15",
        "typescript": "5.9.3",
        "unbuild": "^3.6.1",
        "vitest": "^3.2.4",
        "vitest-environment-nuxt": "^1.0.1",
        "vue": "3.5.22",
        "vue-tsc": "^3.1.3"
      },
      "engines": {
        "node": ">=18.20.6"
      },
      "optionalDependencies": {
        "ipx": "^3.1.1"
      }
    },
    "../node_modules/.pnpm/@nuxtjs+sanity@2.3.0_@emoti_f99520929ec6c48d2e6af6b2c8ae1906/node_modules/@nuxtjs/sanity": {
      "version": "2.3.0",
      "license": "MIT",
      "dependencies": {
        "@nuxt/kit": "^4.0.0",
        "@portabletext/types": "^4.0.0",
        "@portabletext/vue": "^1.0.12",
        "@sanity/client": "^7.6.0",
        "@sanity/codegen": "^6.0.0",
        "@sanity/comlink": "^4.0.0",
        "@sanity/core-loader": "^2.0.0",
        "@sanity/presentation-comlink": "^2.0.0",
        "@sanity/preview-url-secret": "^4.0.0",
        "@sanity/schema": "^5.3.1",
        "@sanity/visual-editing": "^5.0.0",
        "consola": "^3.2.3",
        "defu": "^6.1.4",
        "groq": "^5.3.1",
        "jiti": "^2.4.0",
        "knitwork": "^1.1.0",
        "magic-regexp": "^0.11.0",
        "mlly": "^1.7.3",
        "ofetch": "^1.4.1",
        "ohash": "^2.0.0",
        "pathe": "^2.0.0",
        "picomatch": "^4.0.3"
      },
      "devDependencies": {
        "@nuxt/cli": "3.34.0",
        "@nuxt/eslint-config": "1.15.2",
        "@nuxt/module-builder": "1.0.2",
        "@nuxt/schema": "4.4.2",
        "@nuxt/test-utils": "4.0.0",
        "@types/picomatch": "4.0.2",
        "@vitest/coverage-v8": "4.1.2",
        "@vue/test-utils": "2.4.6",
        "bumpp": "11.0.1",
        "changelogithub": "14.0.0",
        "eslint": "10.1.0",
        "groq-js": "1.29.0",
        "h3": "1.15.6",
        "happy-dom": "20.8.9",
        "installed-check": "10.0.1",
        "lint-staged": "16.3.2",
        "nuxt": "4.4.2",
        "pkg-pr-new": "0.0.65",
        "simple-git-hooks": "2.13.1",
        "typescript": "6.0.2",
        "vitest": "4.1.2",
        "vitest-environment-nuxt": "1.0.1",
        "vue": "3.5.32",
        "vue-router": "5.0.3",
        "vue-tsc": "3.2.5"
      },
      "engines": {
        "node": "^20.19.0 || ^22.12.0 || >=23.0.0"
      }
    },
    "../node_modules/.pnpm/@nuxtjs+tailwindcss@6.14.0__24a0378e3eb72a95add456d00bf46597/node_modules/@nuxtjs/tailwindcss": {
      "version": "6.14.0",
      "dev": true,
      "license": "MIT",
      "dependencies": {
        "@nuxt/kit": "^3.16.0",
        "autoprefixer": "^10.4.20",
        "c12": "^3.0.2",
        "consola": "^3.4.0",
        "defu": "^6.1.4",
        "h3": "^1.15.1",
        "klona": "^2.0.6",
        "ohash": "^2.0.11",
        "pathe": "^2.0.3",
        "pkg-types": "^2.1.0",
        "postcss": "^8.5.3",
        "postcss-nesting": "^13.0.1",
        "tailwind-config-viewer": "^2.0.4",
        "tailwindcss": "~3.4.17",
        "ufo": "^1.5.4",
        "unctx": "^2.4.1"
      },
      "devDependencies": {
        "@fontsource/inter": "^5.2.5",
        "@nuxt/content": "^2.13.4",
        "@nuxt/devtools": "^2.2.1",
        "@nuxt/eslint-config": "^0.7.6",
        "@nuxt/module-builder": "^0.8.4",
        "@nuxt/test-utils": "^3.17.1",
        "@tailwindcss/typography": "^0.5.16",
        "changelogen": "^0.5.7",
        "destr": "^2.0.3",
        "eslint": "^9.21.0",
        "happy-dom": "^16.8.1",
        "nuxt": "^3.16.0",
        "typescript": "5.6.3",
        "vitest": "^3.0.8",
        "vue-tsc": "^2.2.8"
      }
    },
    "../node_modules/.pnpm/@sanity+cli@6.6.0_@emotion+_a3f82409563b1aaa767d59e23ef332cf/node_modules/@sanity/cli": {
      "version": "6.6.0",
      "dev": true,
      "license": "MIT",
      "dependencies": {
        "@oclif/core": "^4.10.6",
        "@oclif/plugin-help": "^6.2.45",
        "@oclif/plugin-not-found": "^3.2.81",
        "@sanity/cli-build": "^0.1.1",
        "@sanity/cli-core": "^1.3.2",
        "@sanity/client": "^7.22.0",
        "@sanity/codegen": "^6.0.3",
        "@sanity/descriptors": "^1.3.0",
        "@sanity/export": "^6.1.0",
        "@sanity/generate-help-url": "^4.0.0",
        "@sanity/id-utils": "^1.0.0",
        "@sanity/import": "^6.0.1",
        "@sanity/migrate": "^6.1.2",
        "@sanity/runtime-cli": "^15.0.2",
        "@sanity/schema": "^5.23.0",
        "@sanity/telemetry": "^0.9.0",
        "@sanity/template-validator": "^3.1.0",
        "@sanity/types": "^5.23.0",
        "@sanity/ui": "^3.1.14",
        "@sanity/worker-channels": "^2.0.0",
        "@vercel/frameworks": "3.21.1",
        "@vitejs/plugin-react": "^5.2.0",
        "chokidar": "^5.0.0",
        "console-table-printer": "^2.15.0",
        "date-fns": "^4.1.0",
        "debug": "^4.4.3",
        "dotenv": "^17.3.1",
        "eventsource": "^4.1.0",
        "execa": "^9.6.0",
        "form-data": "^4.0.5",
        "get-latest-version": "^6.0.1",
        "groq-js": "^1.30.1",
        "gunzip-maybe": "^1.4.2",
        "import-meta-resolve": "^4.2.0",
        "is-installed-globally": "^1.0.0",
        "isomorphic-dompurify": "^2.32.0",
        "json5": "^2.2.3",
        "jsonc-parser": "^3.3.1",
        "lodash-es": "^4.18.1",
        "minimist": "^1.2.8",
        "nanoid": "^5.1.6",
        "node-html-parser": "^7.0.1",
        "oneline": "^2.0.0",
        "open": "^11.0.0",
        "p-map": "^7.0.3",
        "package-directory": "^8.1.0",
        "peek-stream": "^1.1.3",
        "picomatch": "^4.0.4",
        "pluralize-esm": "^9.0.5",
        "pretty-ms": "^9.3.0",
        "promise-props-recursive": "^2.0.2",
        "react": "^19.2.4",
        "react-dom": "^19.2.4",
        "react-is": "^19.2.4",
        "rxjs": "^7.8.2",
        "semver": "^7.7.4",
        "smol-toml": "^1.6.1",
        "tar": "^7.5.13",
        "tar-fs": "^3.1.2",
        "tar-stream": "^3.1.8",
        "tinyglobby": "^0.2.16",
        "tsx": "^4.21.0",
        "typeid-js": "^1.2.0",
        "vite": "^7.3.2",
        "which": "^6.0.1",
        "yaml": "^2.8.4",
        "zod": "^4.3.6"
      },
      "bin": {
        "sanity": "bin/run.js"
      },
      "devDependencies": {
        "@eslint/compat": "^2.0.5",
        "@repo/package.config": "0.0.1",
        "@repo/tsconfig": "3.70.0",
        "@sanity/cli-test": "0.3.3",
        "@sanity/eslint-config-cli": "1.1.1",
        "@sanity/pkg-utils": "^10.4.18",
        "@swc/cli": "^0.8.1",
        "@swc/core": "^1.15.33",
        "@types/debug": "^4.1.13",
        "@types/gunzip-maybe": "^1.4.3",
        "@types/jsdom": "^28.0.1",
        "@types/lodash-es": "^4.17.12",
        "@types/minimist": "^1.2.5",
        "@types/node": "^20.19.39",
        "@types/picomatch": "^4.0.3",
        "@types/react": "^19.2.14",
        "@types/react-dom": "^19.2.3",
        "@types/react-is": "^19.2.0",
        "@types/semver": "^7.7.1",
        "@types/tar-fs": "^2.0.4",
        "@types/tar-stream": "^3.1.4",
        "@types/which": "^3.0.4",
        "@vitest/coverage-istanbul": "^4.1.5",
        "babel-plugin-react-compiler": "^1.0.0",
        "eslint": "^10.2.1",
        "jsdom": "^29.0.2",
        "nock": "^14.0.14",
        "oclif": "^4.23.0",
        "publint": "^0.3.18",
        "rimraf": "^6.0.1",
        "sanity": "^5.23.0",
        "typescript": "^5.9.3",
        "vite-tsconfig-paths": "^6.1.1",
        "vitest": "^4.1.5"
      },
      "engines": {
        "node": ">=20.19.1 <22 || >=22.12"
      }
    },
    "../node_modules/.pnpm/@types+node@25.9.1/node_modules/@types/node": {
      "version": "25.9.1",
      "dev": true,
      "license": "MIT",
      "dependencies": {
        "undici-types": ">=7.24.0 <7.24.7"
      }
    },
    "../node_modules/.pnpm/@vitejs+plugin-vue@6.0.7_vi_10dc71033198329c04a9afcef442edcb/node_modules/@vitejs/plugin-vue": {
      "version": "6.0.7",
      "dev": true,
      "license": "MIT",
      "dependencies": {
        "@rolldown/pluginutils": "^1.0.1"
      },
      "devDependencies": {
        "@babel/types": "^7.29.0",
        "@jridgewell/gen-mapping": "^0.3.13",
        "@jridgewell/trace-mapping": "^0.3.31",
        "obug": "^2.1.1",
        "slash": "^5.1.0",
        "source-map-js": "^1.2.1",
        "tsdown": "^0.22.0",
        "unrun": "^0.3.0",
        "vite": "^8.0.13",
        "vue": "^3.5.34"
      },
      "engines": {
        "node": "^20.19.0 || >=22.12.0"
      },
      "peerDependencies": {
        "vite": "^5.0.0 || ^6.0.0 || ^7.0.0 || ^8.0.0",
        "vue": "^3.2.25"
      }
    },
    "../node_modules/.pnpm/@vitest+ui@4.1.7_vitest@4.1.7/node_modules/@vitest/ui": {
      "version": "4.1.7",
      "dev": true,
      "license": "MIT",
      "dependencies": {
        "@vitest/utils": "4.1.7",
        "fflate": "^0.8.2",
        "flatted": "^3.4.2",
        "pathe": "^2.0.3",
        "sirv": "^3.0.2",
        "tinyglobby": "^0.2.15",
        "tinyrainbow": "^3.1.0"
      },
      "devDependencies": {
        "@faker-js/faker": "^10.3.0",
        "@iconify-json/carbon": "^1.2.19",
        "@iconify-json/logos": "^1.2.10",
        "@types/codemirror": "^5.60.17",
        "@types/d3-force": "^3.0.10",
        "@types/d3-selection": "^3.0.11",
        "@types/ws": "^8.18.1",
        "@unocss/reset": "^66.6.6",
        "@vitejs/plugin-vue": "^6.0.4",
        "@vitest/browser-playwright": "4.1.7",
        "@vitest/runner": "4.1.7",
        "@vitest/ws-client": "4.1.7",
        "@vue/test-utils": "^2.4.6",
        "@vueuse/core": "^14.2.1",
        "ansi-to-html": "^0.7.2",
        "birpc": "^4.0.0",
        "codemirror": "^5.65.18",
        "codemirror-theme-vars": "^0.1.2",
        "d3-graph-controller": "^3.1.8",
        "floating-vue": "^5.2.2",
        "mime": "^4.1.0",
        "rollup": "^4.59.0",
        "splitpanes": "^4.0.4",
        "typescript": "^5.9.3",
        "unocss": "^66.6.6",
        "vite": "^5.0.0",
        "vite-plugin-pages": "^0.33.3",
        "vitest-browser-vue": "2.0.2",
        "vue": "^3.5.29",
        "vue-router": "^5.0.3",
        "vue-tsc": "^3.2.5",
        "vue-virtual-scroller": "2.0.0-beta.8"
      },
      "funding": {
        "url": "https://opencollective.com/vitest"
      },
      "peerDependencies": {
        "vitest": "4.1.7"
      }
    },
    "../node_modules/.pnpm/@vue+test-utils@2.4.10_@vue_efe3bc900ec98502ec4f778574601f10/node_modules/@vue/test-utils": {
      "version": "2.4.10",
      "dev": true,
      "license": "MIT",
      "dependencies": {
        "js-beautify": "^1.14.9",
        "vue-component-type-helpers": "^3.0.0"
      },
      "devDependencies": {
        "@rollup/plugin-commonjs": "29.0.2",
        "@rollup/plugin-json": "6.1.0",
        "@rollup/plugin-node-resolve": "16.0.3",
        "@rollup/plugin-replace": "6.0.3",
        "@rollup/plugin-typescript": "12.3.0",
        "@types/js-beautify": "1.14.3",
        "@types/node": "24.12.2",
        "@vitejs/plugin-vue": "6.0.6",
        "@vitejs/plugin-vue-jsx": "5.1.5",
        "@vitest/coverage-v8": "4.1.5",
        "@vue/compat": "3.5.33",
        "@vue/compiler-dom": "3.5.33",
        "@vue/compiler-sfc": "3.5.33",
        "@vue/server-renderer": "3.5.33",
        "husky": "9.1.7",
        "jsdom": "29.0.2",
        "jsdom-global": "3.0.2",
        "lint-staged": "16.4.0",
        "oxfmt": "0.47.0",
        "oxlint": "1.61.0",
        "pkg-pr-new": "0.0.67",
        "reflect-metadata": "0.2.2",
        "rollup": "4.60.2",
        "tslib": "2.8.1",
        "typescript": "6.0.3",
        "unplugin-vue-components": "32.0.0",
        "vite": "8.0.10",
        "vitepress": "1.6.4",
        "vitepress-translation-helper": "0.2.2",
        "vitest": "4.1.5",
        "vue": "3.5.33",
        "vue-class-component": "8.0.0-rc.1",
        "vue-router": "5.0.6",
        "vue-tsc": "3.2.7",
        "vuex": "4.1.0"
      },
      "peerDependencies": {
        "@vue/compiler-dom": "3.x",
        "@vue/server-renderer": "3.x",
        "vue": "3.x"
      },
      "peerDependenciesMeta": {
        "@vue/server-renderer": {
          "optional": true
        }
      }
    },
    "../node_modules/.pnpm/jsdom@29.1.1_@noble+hashes@2.2.0/node_modules/jsdom": {
      "version": "29.1.1",
      "dev": true,
      "license": "MIT",
      "dependencies": {
        "@asamuzakjp/css-color": "^5.1.11",
        "@asamuzakjp/dom-selector": "^7.1.1",
        "@bramus/specificity": "^2.4.2",
        "@csstools/css-syntax-patches-for-csstree": "^1.1.3",
        "@exodus/bytes": "^1.15.0",
        "css-tree": "^3.2.1",
        "data-urls": "^7.0.0",
        "decimal.js": "^10.6.0",
        "html-encoding-sniffer": "^6.0.0",
        "is-potential-custom-element-name": "^1.0.1",
        "lru-cache": "^11.3.5",
        "parse5": "^8.0.1",
        "saxes": "^6.0.0",
        "symbol-tree": "^3.2.4",
        "tough-cookie": "^6.0.1",
        "undici": "^7.25.0",
        "w3c-xmlserializer": "^5.0.0",
        "webidl-conversions": "^8.0.1",
        "whatwg-mimetype": "^5.0.0",
        "whatwg-url": "^16.0.1",
        "xml-name-validator": "^5.0.0"
      },
      "devDependencies": {
        "@domenic/eslint-config": "^5.1.0",
        "@stylistic/eslint-plugin": "^5.10.0",
        "@webref/css": "^8.5.0",
        "eslint": "^10.2.1",
        "eslint-plugin-html": "^8.1.4",
        "eslint-plugin-n": "^17.24.0",
        "globals": "^17.5.0",
        "js-yaml": "^4.1.1",
        "minimatch": "^10.2.5",
        "mocha": "^11.7.5",
        "mocha-sugar-free": "^1.4.0",
        "npm-run-all2": "^8.0.4",
        "opener": "^1.5.2",
        "pngjs": "^7.0.0",
        "semver": "^7.7.4",
        "server-destroy": "^1.0.1",
        "tinybench": "^6.0.0",
        "webidl2": "^24.5.0",
        "webidl2js": "^19.1.0",
        "wireit": "^0.14.12"
      },
      "engines": {
        "node": "^20.19.0 || ^22.13.0 || >=24.0.0"
      },
      "peerDependencies": {
        "canvas": "^3.0.0"
      },
      "peerDependenciesMeta": {
        "canvas": {
          "optional": true
        }
      }
    },
    "../node_modules/.pnpm/nuxt@4.4.6_@babel+plugin-sy_8b1e364b9bef4ee0d121de1cb61436c0/node_modules/nuxt": {
      "version": "4.4.6",
      "license": "MIT",
      "dependencies": {
        "@dxup/nuxt": "^0.4.1",
        "@nuxt/cli": "^3.35.2",
        "@nuxt/devtools": "^3.2.4",
        "@nuxt/kit": "4.4.6",
        "@nuxt/nitro-server": "4.4.6",
        "@nuxt/schema": "4.4.6",
        "@nuxt/telemetry": "^2.8.0",
        "@nuxt/vite-builder": "4.4.6",
        "@unhead/vue": "^2.1.15",
        "@vue/shared": "^3.5.34",
        "chokidar": "^5.0.0",
        "compatx": "^0.2.0",
        "consola": "^3.4.2",
        "cookie-es": "^3.1.1",
        "defu": "^6.1.7",
        "devalue": "^5.8.1",
        "errx": "^0.1.0",
        "escape-string-regexp": "^5.0.0",
        "exsolve": "^1.0.8",
        "hookable": "^6.1.1",
        "ignore": "^7.0.5",
        "impound": "^1.1.5",
        "jiti": "^2.7.0",
        "klona": "^2.0.6",
        "knitwork": "^1.3.0",
        "magic-string": "^0.30.21",
        "mlly": "^1.8.2",
        "nanotar": "^0.3.0",
        "nypm": "^0.6.6",
        "ofetch": "^1.5.1",
        "ohash": "^2.0.11",
        "on-change": "^6.0.2",
        "oxc-minify": "^0.131.0",
        "oxc-parser": "^0.131.0",
        "oxc-transform": "^0.131.0",
        "oxc-walker": "^1.0.0",
        "pathe": "^2.0.3",
        "perfect-debounce": "^2.1.0",
        "picomatch": "^4.0.4",
        "pkg-types": "^2.3.1",
        "rou3": "^0.8.1",
        "scule": "^1.3.0",
        "semver": "^7.8.0",
        "std-env": "^4.1.0",
        "tinyglobby": "^0.2.16",
        "ufo": "^1.6.4",
        "ultrahtml": "^1.6.0",
        "uncrypto": "^0.1.3",
        "unctx": "^2.5.0",
        "unimport": "^6.3.0",
        "unplugin": "^3.0.0",
        "unrouting": "^0.1.7",
        "untyped": "^2.0.0",
        "vue": "^3.5.34",
        "vue-router": "^5.0.7"
      },
      "bin": {
        "nuxi": "bin/nuxt.mjs",
        "nuxt": "bin/nuxt.mjs"
      },
      "devDependencies": {
        "@nuxt/scripts": "1.1.0",
        "@parcel/watcher": "2.5.6",
        "@types/estree": "1.0.9",
        "@types/picomatch": "4.0.3",
        "@vitejs/plugin-vue": "6.0.7",
        "@vitejs/plugin-vue-jsx": "5.1.5",
        "@vue/compiler-sfc": "3.5.34",
        "unbuild": "3.6.1",
        "vite": "7.3.3",
        "vitest": "4.1.6",
        "vue-bundle-renderer": "2.2.0",
        "vue-sfc-transformer": "0.1.17"
      },
      "engines": {
        "node": "^22.12.0 || ^24.11.0 || >=26.0.0"
      },
      "peerDependencies": {
        "@parcel/watcher": "^2.1.0",
        "@types/node": ">=18.12.0"
      },
      "peerDependenciesMeta": {
        "@parcel/watcher": {
          "optional": true
        },
        "@types/node": {
          "optional": true
        }
      }
    },
    "../node_modules/.pnpm/vitest@4.1.7_@types+node@25_cfdefb207d9d4c3514aacd8d71f54ffb/node_modules/vitest": {
      "version": "4.1.7",
      "dev": true,
      "license": "MIT",
      "dependencies": {
        "@vitest/expect": "4.1.7",
        "@vitest/mocker": "4.1.7",
        "@vitest/pretty-format": "4.1.7",
        "@vitest/runner": "4.1.7",
        "@vitest/snapshot": "4.1.7",
        "@vitest/spy": "4.1.7",
        "@vitest/utils": "4.1.7",
        "es-module-lexer": "^2.0.0",
        "expect-type": "^1.3.0",
        "magic-string": "^0.30.21",
        "obug": "^2.1.1",
        "pathe": "^2.0.3",
        "picomatch": "^4.0.3",
        "std-env": "^4.0.0-rc.1",
        "tinybench": "^2.9.0",
        "tinyexec": "^1.0.2",
        "tinyglobby": "^0.2.15",
        "tinyrainbow": "^3.1.0",
        "vite": "^6.0.0 || ^7.0.0 || ^8.0.0",
        "why-is-node-running": "^2.3.0"
      },
      "bin": {
        "vitest": "vitest.mjs"
      },
      "devDependencies": {
        "@antfu/install-pkg": "^1.1.0",
        "@bomb.sh/tab": "^0.0.14",
        "@edge-runtime/vm": "^5.0.0",
        "@jridgewell/trace-mapping": "0.3.31",
        "@opentelemetry/api": "^1.9.0",
        "@sinonjs/fake-timers": "15.0.0",
        "@types/estree": "^1.0.8",
        "@types/istanbul-lib-coverage": "^2.0.6",
        "@types/istanbul-reports": "^3.0.4",
        "@types/jsdom": "^27.0.0",
        "@types/node": "^24.12.0",
        "@types/picomatch": "^4.0.2",
        "@types/prompts": "^2.4.9",
        "@types/sinonjs__fake-timers": "^15.0.1",
        "acorn": "8.11.3",
        "acorn-walk": "^8.3.5",
        "birpc": "^4.0.0",
        "cac": "^6.7.14",
        "empathic": "^2.0.0",
        "flatted": "^3.4.2",
        "happy-dom": "^20.8.3",
        "jsdom": "^27.4.0",
        "local-pkg": "^1.1.2",
        "mime": "^4.1.0",
        "prompts": "^2.4.2",
        "strip-literal": "^3.1.0",
        "tinyhighlight": "^0.3.2",
        "ws": "^8.19.0"
      },
      "engines": {
        "node": "^20.0.0 || ^22.0.0 || >=24.0.0"
      },
      "funding": {
        "url": "https://opencollective.com/vitest"
      },
      "peerDependencies": {
        "@edge-runtime/vm": "*",
        "@opentelemetry/api": "^1.9.0",
        "@types/node": "^20.0.0 || ^22.0.0 || >=24.0.0",
        "@vitest/browser-playwright": "4.1.7",
        "@vitest/browser-preview": "4.1.7",
        "@vitest/browser-webdriverio": "4.1.7",
        "@vitest/coverage-istanbul": "4.1.7",
        "@vitest/coverage-v8": "4.1.7",
        "@vitest/ui": "4.1.7",
        "happy-dom": "*",
        "jsdom": "*",
        "vite": "^6.0.0 || ^7.0.0 || ^8.0.0"
      },
      "peerDependenciesMeta": {
        "@edge-runtime/vm": {
          "optional": true
        },
        "@opentelemetry/api": {
          "optional": true
        },
        "@types/node": {
          "optional": true
        },
        "@vitest/browser-playwright": {
          "optional": true
        },
        "@vitest/browser-preview": {
          "optional": true
        },
        "@vitest/browser-webdriverio": {
          "optional": true
        },
        "@vitest/coverage-istanbul": {
          "optional": true
        },
        "@vitest/coverage-v8": {
          "optional": true
        },
        "@vitest/ui": {
          "optional": true
        },
        "happy-dom": {
          "optional": true
        },
        "jsdom": {
          "optional": true
        },
        "vite": {
          "optional": false
        }
      }
    },
    "../node_modules/.pnpm/vue-router@5.0.7_@vue+compi_eef5a4c0229ac8b0e80d314c1386cd57/node_modules/vue-router": {
      "version": "5.0.7",
      "license": "MIT",
      "dependencies": {
        "@babel/generator": "^8.0.0-rc.4",
        "@vue-macros/common": "^3.1.1",
        "@vue/devtools-api": "^8.1.1",
        "ast-walker-scope": "^0.8.3",
        "chokidar": "^5.0.0",
        "json5": "^2.2.3",
        "local-pkg": "^1.1.2",
        "magic-string": "^0.30.21",
        "mlly": "^1.8.0",
        "muggle-string": "^0.4.1",
        "pathe": "^2.0.3",
        "picomatch": "^4.0.3",
        "scule": "^1.3.0",
        "tinyglobby": "^0.2.15",
        "unplugin": "^3.0.0",
        "unplugin-utils": "^0.3.1",
        "yaml": "^2.8.2"
      },
      "devDependencies": {
        "@babel/types": "^8.0.0-rc.4",
        "@pinia/colada": "^0.21.7",
        "@playwright/test": "^1.59.1",
        "@rollup/plugin-commonjs": "^28.0.9",
        "@rollup/plugin-node-resolve": "^16.0.3",
        "@rollup/plugin-replace": "^6.0.3",
        "@rollup/plugin-terser": "^0.4.4",
        "@standard-schema/spec": "^1.1.0",
        "@types/babel__generator": "^7.27.0",
        "@types/nightwatch": "^2.3.32",
        "@types/picomatch": "^4.0.2",
        "@typescript/native-preview": "7.0.0-dev.20260106.1",
        "@vitejs/plugin-vue": "^6.0.6",
        "@vue/compiler-sfc": "^3.5.34",
        "@vue/language-core": "^3.2.1",
        "@vue/server-renderer": "^3.5.34",
        "@vue/test-utils": "^2.4.10",
        "browserstack-local": "^1.5.13",
        "chromedriver": "^144.0.1",
        "connect-history-api-fallback": "^2.0.0",
        "dotenv": "^17.4.2",
        "faked-promise": "^2.2.2",
        "geckodriver": "^6.1.0",
        "happy-dom": "^20.9.0",
        "nightwatch": "^3.15.0",
        "nightwatch-helpers": "^1.2.0",
        "pinia": "^3.0.4",
        "rimraf": "^6.1.3",
        "rollup": "^4.57.1",
        "rollup-plugin-typescript2": "^0.36.0",
        "tsdown": "^0.20.3",
        "tsup": "^8.5.1",
        "valibot": "^1.4.0",
        "vite": "^7.3.0",
        "vue": "^3.5.34",
        "zod": "^4.4.3"
      },
      "funding": {
        "url": "https://github.com/sponsors/posva"
      },
      "peerDependencies": {
        "@pinia/colada": ">=0.21.2",
        "@vue/compiler-sfc": "^3.5.34",
        "pinia": "^3.0.4",
        "vue": "^3.5.34"
      },
      "peerDependenciesMeta": {
        "@pinia/colada": {
          "optional": true
        },
        "@vue/compiler-sfc": {
          "optional": true
        },
        "pinia": {
          "optional": true
        }
      }
    },
    "../node_modules/.pnpm/vue@3.5.34_typescript@5.9.3/node_modules/vue": {
      "version": "3.5.34",
      "license": "MIT",
      "dependencies": {
        "@vue/compiler-dom": "3.5.34",
        "@vue/compiler-sfc": "3.5.34",
        "@vue/runtime-dom": "3.5.34",
        "@vue/server-renderer": "3.5.34",
        "@vue/shared": "3.5.34"
      },
      "peerDependencies": {
        "typescript": "*"
      },
      "peerDependenciesMeta": {
        "typescript": {
          "optional": true
        }
      }
    },
    "../node_modules/.pnpm/zod@4.4.3/node_modules/zod": {
      "version": "4.4.3",
      "license": "MIT",
      "funding": {
        "url": "https://github.com/sponsors/colinhacks"
      }
    },
    "node_modules/@nodelib/fs.scandir": {
      "version": "2.1.5",
      "resolved": "https://registry.npmjs.org/@nodelib/fs.scandir/-/fs.scandir-2.1.5.tgz",
      "integrity": "sha512-vq24Bq3ym5HEQm2NKCr3yXDwjc7vTsEThRDnkp2DK9p1uqLR+DHurm/NOTo0KG7HYHU7eppKZj3MyqYuMBf62g==",
      "license": "MIT",
      "dependencies": {
        "@nodelib/fs.stat": "2.0.5",
        "run-parallel": "^1.1.9"
      },
      "engines": {
        "node": ">= 8"
      }
    },
    "node_modules/@nodelib/fs.stat": {
      "version": "2.0.5",
      "resolved": "https://registry.npmjs.org/@nodelib/fs.stat/-/fs.stat-2.0.5.tgz",
      "integrity": "sha512-RkhPPp2zrqDAQA/2jNhnztcPAlv64XdhIp7a7454A5ovI7Bukxgt7MX7udwAu3zg1DcpPU0rz3VV1SeaqvY4+A==",
      "license": "MIT",
      "engines": {
        "node": ">= 8"
      }
    },
    "node_modules/@nodelib/fs.walk": {
      "version": "1.2.8",
      "resolved": "https://registry.npmjs.org/@nodelib/fs.walk/-/fs.walk-1.2.8.tgz",
      "integrity": "sha512-oGB+UxlgWcgQkgwo8GcEGwemoTFt3FIO9ababBmaGwXIoBKZ+GTy0pP185beGg7Llih/NSHSV2XAs1lnznocSg==",
      "license": "MIT",
      "dependencies": {
        "@nodelib/fs.scandir": "2.1.5",
        "fastq": "^1.6.0"
      },
      "engines": {
        "node": ">= 8"
      }
    },
    "node_modules/@nuxt/image": {
      "resolved": "../node_modules/.pnpm/@nuxt+image@2.0.0_db0@0.3.4_47fe9b6cf398156d01c85cd4c1dcb768/node_modules/@nuxt/image",
      "link": true
    },
    "node_modules/@nuxtjs/sanity": {
      "resolved": "../node_modules/.pnpm/@nuxtjs+sanity@2.3.0_@emoti_f99520929ec6c48d2e6af6b2c8ae1906/node_modules/@nuxtjs/sanity",
      "link": true
    },
    "node_modules/@nuxtjs/tailwindcss": {
      "resolved": "../node_modules/.pnpm/@nuxtjs+tailwindcss@6.14.0__24a0378e3eb72a95add456d00bf46597/node_modules/@nuxtjs/tailwindcss",
      "link": true
    },
    "node_modules/@sanity/cli": {
      "resolved": "../node_modules/.pnpm/@sanity+cli@6.6.0_@emotion+_a3f82409563b1aaa767d59e23ef332cf/node_modules/@sanity/cli",
      "link": true
    },
    "node_modules/@types/node": {
      "resolved": "../node_modules/.pnpm/@types+node@25.9.1/node_modules/@types/node",
      "link": true
    },
    "node_modules/@vitejs/plugin-vue": {
      "resolved": "../node_modules/.pnpm/@vitejs+plugin-vue@6.0.7_vi_10dc71033198329c04a9afcef442edcb/node_modules/@vitejs/plugin-vue",
      "link": true
    },
    "node_modules/@vitest/ui": {
      "resolved": "../node_modules/.pnpm/@vitest+ui@4.1.7_vitest@4.1.7/node_modules/@vitest/ui",
      "link": true
    },
    "node_modules/@vue/test-utils": {
      "resolved": "../node_modules/.pnpm/@vue+test-utils@2.4.10_@vue_efe3bc900ec98502ec4f778574601f10/node_modules/@vue/test-utils",
      "link": true
    },
    "node_modules/anymatch": {
      "version": "3.1.3",
      "resolved": "https://registry.npmjs.org/anymatch/-/anymatch-3.1.3.tgz",
      "integrity": "sha512-KMReFUr0B4t+D+OBkjR3KYqvocp2XaSzO55UcB6mgQMd3KbcE+mWTyvVV7D/zsdEbNnV6acZUutkiHQXvTr1Rw==",
      "license": "ISC",
      "dependencies": {
        "normalize-path": "^3.0.0",
        "picomatch": "^2.0.4"
      },
      "engines": {
        "node": ">= 8"
      }
    },
    "node_modules/balanced-match": {
      "version": "3.0.1",
      "resolved": "https://registry.npmjs.org/balanced-match/-/balanced-match-3.0.1.tgz",
      "integrity": "sha512-vjtV3hiLqYDNRoiAv0zC4QaGAMPomEoq83PRmYIofPswwZurCeWR5LByXm7SyoL0Zh5+2z0+HC7jG8gSZJUh0w==",
      "license": "MIT",
      "engines": {
        "node": ">= 16"
      }
    },
    "node_modules/binary-extensions": {
      "version": "2.3.0",
      "resolved": "https://registry.npmjs.org/binary-extensions/-/binary-extensions-2.3.0.tgz",
      "integrity": "sha512-Ceh+7ox5qe7LJuLHoY0feh3pHuUDHAcRUeyL2VYghZwfpkNIy/+8Ocg0a3UuSoYzavmylwuLWQOf3hl0jjMMIw==",
      "license": "MIT",
      "engines": {
        "node": ">=8"
      },
      "funding": {
        "url": "https://github.com/sponsors/sindresorhus"
      }
    },
    "node_modules/brace-expansion": {
      "version": "4.0.1",
      "resolved": "https://registry.npmjs.org/brace-expansion/-/brace-expansion-4.0.1.tgz",
      "integrity": "sha512-YClrbvTCXGe70pU2JiEiPLYXO9gQkyxYeKpJIQHVS/gOs6EWMQP2RYBwjFLNT322Ji8TOC3IMPfsYCedNpzKfA==",
      "license": "MIT",
      "dependencies": {
        "balanced-match": "^3.0.0"
      },
      "engines": {
        "node": ">= 18"
      }
    },
    "node_modules/braces": {
      "version": "3.0.3",
      "resolved": "https://registry.npmjs.org/braces/-/braces-3.0.3.tgz",
      "integrity": "sha512-yQbXgO/OSZVD2IsiLlro+7Hf6Q18EJrKSEsdoMzKePKXct3gvD8oLcOQdIzGupr5Fj+EDe8gO/lxc1BzfMpxvA==",
      "license": "MIT",
      "dependencies": {
        "fill-range": "^7.1.1"
      },
      "engines": {
        "node": ">=8"
      }
    },
    "node_modules/chokidar": {
      "version": "3.6.0",
      "resolved": "https://registry.npmjs.org/chokidar/-/chokidar-3.6.0.tgz",
      "integrity": "sha512-7VT13fmjotKpGipCW9JEQAusEPE+Ei8nl6/g4FBAmIm0GOOLMua9NDDo/DWp0ZAxCr3cPq5ZpBqmPAQgDda2Pw==",
      "license": "MIT",
      "dependencies": {
        "anymatch": "~3.1.2",
        "braces": "~3.0.2",
        "glob-parent": "~5.1.2",
        "is-binary-path": "~2.1.0",
        "is-glob": "~4.0.1",
        "normalize-path": "~3.0.0",
        "readdirp": "~3.6.0"
      },
      "engines": {
        "node": ">= 8.10.0"
      },
      "funding": {
        "url": "https://paulmillr.com/funding/"
      },
      "optionalDependencies": {
        "fsevents": "~2.3.2"
      }
    },
    "node_modules/fast-glob": {
      "version": "3.3.3",
      "resolved": "https://registry.npmjs.org/fast-glob/-/fast-glob-3.3.3.tgz",
      "integrity": "sha512-7MptL8U0cqcFdzIzwOTHoilX9x5BrNqye7Z/LuC7kCMRio1EMSyqRK3BEAUD7sXRq4iT4AzTVuZdhgQ2TCvYLg==",
      "license": "MIT",
      "dependencies": {
        "@nodelib/fs.stat": "^2.0.2",
        "@nodelib/fs.walk": "^1.2.3",
        "glob-parent": "^5.1.2",
        "merge2": "^1.3.0",
        "micromatch": "^4.0.8"
      },
      "engines": {
        "node": ">=8.6.0"
      }
    },
    "node_modules/fastq": {
      "version": "1.20.1",
      "resolved": "https://registry.npmjs.org/fastq/-/fastq-1.20.1.tgz",
      "integrity": "sha512-GGToxJ/w1x32s/D2EKND7kTil4n8OVk/9mycTc4VDza13lOvpUZTGX3mFSCtV9ksdGBVzvsyAVLM6mHFThxXxw==",
      "license": "ISC",
      "dependencies": {
        "reusify": "^1.0.4"
      }
    },
    "node_modules/fill-range": {
      "version": "7.1.1",
      "resolved": "https://registry.npmjs.org/fill-range/-/fill-range-7.1.1.tgz",
      "integrity": "sha512-YsGpe3WHLK8ZYi4tWDg2Jy3ebRz2rXowDxnld4bkQB00cc/1Zw9AWnC0i9ztDJitivtQvaI9KaLyKrc+hBW0yg==",
      "license": "MIT",
      "dependencies": {
        "to-regex-range": "^5.0.1"
      },
      "engines": {
        "node": ">=8"
      }
    },
    "node_modules/fsevents": {
      "version": "2.3.3",
      "resolved": "https://registry.npmjs.org/fsevents/-/fsevents-2.3.3.tgz",
      "integrity": "sha512-5xoDfX+fL7faATnagmWPpbFtwh/R77WmMMqqHGS65C3vvB0YHrgF+B1YmZ3441tMj5n63k0212XNoJwzlhffQw==",
      "hasInstallScript": true,
      "license": "MIT",
      "optional": true,
      "os": [
        "darwin"
      ],
      "engines": {
        "node": "^8.16.0 || ^10.6.0 || >=11.0.0"
      }
    },
    "node_modules/glob-parent": {
      "version": "5.1.2",
      "resolved": "https://registry.npmjs.org/glob-parent/-/glob-parent-5.1.2.tgz",
      "integrity": "sha512-AOIgSQCepiJYwP3ARnGx+5VnTu2HBYdzbGP45eLw1vr3zB3vZLeyed1sC9hnbcOc9/SrMyM5RPQrkGz4aS9Zow==",
      "license": "ISC",
      "dependencies": {
        "is-glob": "^4.0.1"
      },
      "engines": {
        "node": ">= 6"
      }
    },
    "node_modules/graceful-fs": {
      "version": "4.2.11",
      "resolved": "https://registry.npmjs.org/graceful-fs/-/graceful-fs-4.2.11.tgz",
      "integrity": "sha512-RbJ5/jmFcNNCcDV5o9eTnBLJ/HszWV0P73bc+Ff4nS/rJj+YaS6IGyiOL0VoBYX+l1Wrl3k63h/KrH+nhJ0XvQ==",
      "license": "ISC"
    },
    "node_modules/is-binary-path": {
      "version": "2.1.0",
      "resolved": "https://registry.npmjs.org/is-binary-path/-/is-binary-path-2.1.0.tgz",
      "integrity": "sha512-ZMERYes6pDydyuGidse7OsHxtbI7WVeUEozgR/g7rd0xUimYNlvZRE/K2MgZTjWy725IfelLeVcEM97mmtRGXw==",
      "license": "MIT",
      "dependencies": {
        "binary-extensions": "^2.0.0"
      },
      "engines": {
        "node": ">=8"
      }
    },
    "node_modules/is-extglob": {
      "version": "2.1.1",
      "resolved": "https://registry.npmjs.org/is-extglob/-/is-extglob-2.1.1.tgz",
      "integrity": "sha512-SbKbANkN603Vi4jEZv49LeVJMn4yGwsbzZworEoyEiutsN3nJYdbO36zfhGJ6QEDpOZIFkDtnq5JRxmvl3jsoQ==",
      "license": "MIT",
      "engines": {
        "node": ">=0.10.0"
      }
    },
    "node_modules/is-glob": {
      "version": "4.0.3",
      "resolved": "https://registry.npmjs.org/is-glob/-/is-glob-4.0.3.tgz",
      "integrity": "sha512-xelSayHH36ZgE7ZWhli7pW34hNbNl8Ojv5KVmkJD4hBdD3th8Tfk9vYasLM+mXWOZhFkgZfxhLSnrwRr4elSSg==",
      "license": "MIT",
      "dependencies": {
        "is-extglob": "^2.1.1"
      },
      "engines": {
        "node": ">=0.10.0"
      }
    },
    "node_modules/is-number": {
      "version": "7.0.0",
      "resolved": "https://registry.npmjs.org/is-number/-/is-number-7.0.0.tgz",
      "integrity": "sha512-41Cifkg6e8TylSpdtTpeLVMqvSBEVzTttHvERD741+pnZ8ANv0004MRL43QKPDlK9cGvNp6NZWZUBlbGXYxxng==",
      "license": "MIT",
      "engines": {
        "node": ">=0.12.0"
      }
    },
    "node_modules/jsdom": {
      "resolved": "../node_modules/.pnpm/jsdom@29.1.1_@noble+hashes@2.2.0/node_modules/jsdom",
      "link": true
    },
    "node_modules/jsonc-parser": {
      "version": "3.3.1",
      "resolved": "https://registry.npmjs.org/jsonc-parser/-/jsonc-parser-3.3.1.tgz",
      "integrity": "sha512-HUgH65KyejrUFPvHFPbqOY0rsFip3Bo5wb4ngvdi1EpCYWUQDC5V+Y7mZws+DLkr4M//zQJoanu1SP+87Dv1oQ==",
      "license": "MIT"
    },
    "node_modules/merge2": {
      "version": "1.4.1",
      "resolved": "https://registry.npmjs.org/merge2/-/merge2-1.4.1.tgz",
      "integrity": "sha512-8q7VEgMJW4J8tcfVPy8g09NcQwZdbwFEqhe/WZkoIzjn/3TGDwtOCYtXGxA3O8tPzpczCCDgv+P2P5y00ZJOOg==",
      "license": "MIT",
      "engines": {
        "node": ">= 8"
      }
    },
    "node_modules/micromatch": {
      "version": "4.0.8",
      "resolved": "https://registry.npmjs.org/micromatch/-/micromatch-4.0.8.tgz",
      "integrity": "sha512-PXwfBhYu0hBCPw8Dn0E+WDYb7af3dSLVWKi3HGv84IdF4TyFoC0ysxFd0Goxw7nSv4T/PzEJQxsYsEiFCKo2BA==",
      "license": "MIT",
      "dependencies": {
        "braces": "^3.0.3",
        "picomatch": "^2.3.1"
      },
      "engines": {
        "node": ">=8.6"
      }
    },
    "node_modules/normalize-path": {
      "version": "3.0.0",
      "resolved": "https://registry.npmjs.org/normalize-path/-/normalize-path-3.0.0.tgz",
      "integrity": "sha512-6eZs5Ls3WtCisHWp9S2GUy8dqkpGi4BVSz3GaqiE6ezub0512ESztXUwUB6C6IKbQkY2Pnb/mD4WYojCRwcwLA==",
      "license": "MIT",
      "engines": {
        "node": ">=0.10.0"
      }
    },
    "node_modules/nuxt": {
      "resolved": "../node_modules/.pnpm/nuxt@4.4.6_@babel+plugin-sy_8b1e364b9bef4ee0d121de1cb61436c0/node_modules/nuxt",
      "link": true
    },
    "node_modules/picomatch": {
      "version": "2.3.2",
      "resolved": "https://registry.npmjs.org/picomatch/-/picomatch-2.3.2.tgz",
      "integrity": "sha512-V7+vQEJ06Z+c5tSye8S+nHUfI51xoXIXjHQ99cQtKUkQqqO1kO/KCJUfZXuB47h/YBlDhah2H3hdUGXn8ie0oA==",
      "license": "MIT",
      "engines": {
        "node": ">=8.6"
      },
      "funding": {
        "url": "https://github.com/sponsors/jonschlinkert"
      }
    },
    "node_modules/proper-lockfile": {
      "version": "4.1.2",
      "resolved": "https://registry.npmjs.org/proper-lockfile/-/proper-lockfile-4.1.2.tgz",
      "integrity": "sha512-TjNPblN4BwAWMXU8s9AEz4JmQxnD1NNL7bNOY/AKUzyamc379FWASUhc/K1pL2noVb+XmZKLL68cjzLsiOAMaA==",
      "license": "MIT",
      "dependencies": {
        "graceful-fs": "^4.2.4",
        "retry": "^0.12.0",
        "signal-exit": "^3.0.2"
      }
    },
    "node_modules/queue-microtask": {
      "version": "1.2.3",
      "resolved": "https://registry.npmjs.org/queue-microtask/-/queue-microtask-1.2.3.tgz",
      "integrity": "sha512-NuaNSa6flKT5JaSYQzJok04JzTL1CA6aGhv5rfLW3PgqA+M2ChpZQnAC8h8i4ZFkBS8X5RqkDBHA7r4hej3K9A==",
      "funding": [
        {
          "type": "github",
          "url": "https://github.com/sponsors/feross"
        },
        {
          "type": "patreon",
          "url": "https://www.patreon.com/feross"
        },
        {
          "type": "consulting",
          "url": "https://feross.org/support"
        }
      ],
      "license": "MIT"
    },
    "node_modules/readdirp": {
      "version": "3.6.0",
      "resolved": "https://registry.npmjs.org/readdirp/-/readdirp-3.6.0.tgz",
      "integrity": "sha512-hOS089on8RduqdbhvQ5Z37A0ESjsqz6qnRcffsMU3495FuTdqSm+7bhJ29JvIOsBDEEnan5DPu9t3To9VRlMzA==",
      "license": "MIT",
      "dependencies": {
        "picomatch": "^2.2.1"
      },
      "engines": {
        "node": ">=8.10.0"
      }
    },
    "node_modules/retry": {
      "version": "0.12.0",
      "resolved": "https://registry.npmjs.org/retry/-/retry-0.12.0.tgz",
      "integrity": "sha512-9LkiTwjUh6rT555DtE9rTX+BKByPfrMzEAtnlEtdEwr3Nkffwiihqe2bWADg+OQRjt9gl6ICdmB/ZFDCGAtSow==",
      "license": "MIT",
      "engines": {
        "node": ">= 4"
      }
    },
    "node_modules/reusify": {
      "version": "1.1.0",
      "resolved": "https://registry.npmjs.org/reusify/-/reusify-1.1.0.tgz",
      "integrity": "sha512-g6QUff04oZpHs0eG5p83rFLhHeV00ug/Yf9nZM6fLeUrPguBTkTQOdpAWWspMh55TZfVQDPaN3NQJfbVRAxdIw==",
      "license": "MIT",
      "engines": {
        "iojs": ">=1.0.0",
        "node": ">=0.10.0"
      }
    },
    "node_modules/run-parallel": {
      "version": "1.2.0",
      "resolved": "https://registry.npmjs.org/run-parallel/-/run-parallel-1.2.0.tgz",
      "integrity": "sha512-5l4VyZR86LZ/lDxZTR6jqL8AFE2S0IFLMP26AbjsLVADxHdhB/c0GUsH+y39UfCi3dzz8OlQuPmnaJOMoDHQBA==",
      "funding": [
        {
          "type": "github",
          "url": "https://github.com/sponsors/feross"
        },
        {
          "type": "patreon",
          "url": "https://www.patreon.com/feross"
        },
        {
          "type": "consulting",
          "url": "https://feross.org/support"
        }
      ],
      "license": "MIT",
      "dependencies": {
        "queue-microtask": "^1.2.2"
      }
    },
    "node_modules/signal-exit": {
      "version": "3.0.7",
      "resolved": "https://registry.npmjs.org/signal-exit/-/signal-exit-3.0.7.tgz",
      "integrity": "sha512-wnD2ZE+l+SPC/uoS0vXeE9L1+0wuaMqKlfz9AMUo38JsyLSBWSFcHR1Rri62LZc12vLr1gb3jl7iwQhgwpAbGQ==",
      "license": "ISC"
    },
    "node_modules/to-regex-range": {
      "version": "5.0.1",
      "resolved": "https://registry.npmjs.org/to-regex-range/-/to-regex-range-5.0.1.tgz",
      "integrity": "sha512-65P7iz6X5yEr1cwcgvQxbbIw7Uk3gOy5dIdtZ4rDveLqhrdJP+Li/Hx6tyK0NEb+2GCyneCMJiGqrADCSNk8sQ==",
      "license": "MIT",
      "dependencies": {
        "is-number": "^7.0.0"
      },
      "engines": {
        "node": ">=8.0"
      }
    },
    "node_modules/vitest": {
      "resolved": "../node_modules/.pnpm/vitest@4.1.7_@types+node@25_cfdefb207d9d4c3514aacd8d71f54ffb/node_modules/vitest",
      "link": true
    },
    "node_modules/vue": {
      "resolved": "../node_modules/.pnpm/vue@3.5.34_typescript@5.9.3/node_modules/vue",
      "link": true
    },
    "node_modules/vue-router": {
      "resolved": "../node_modules/.pnpm/vue-router@5.0.7_@vue+compi_eef5a4c0229ac8b0e80d314c1386cd57/node_modules/vue-router",
      "link": true
    },
    "node_modules/wireit": {
      "version": "0.14.12",
      "resolved": "https://registry.npmjs.org/wireit/-/wireit-0.14.12.tgz",
      "integrity": "sha512-gNSd+nZmMo6cuICezYXRIayu6TSOeCSCDzjSF0q6g8FKDsRbdqrONrSZYzdk/uBISmRcv4vZtsno6GyGvdXwGA==",
      "license": "Apache-2.0",
      "workspaces": [
        "vscode-extension",
        "website"
      ],
      "dependencies": {
        "brace-expansion": "^4.0.0",
        "chokidar": "^3.5.3",
        "fast-glob": "^3.2.11",
        "jsonc-parser": "^3.0.0",
        "proper-lockfile": "^4.1.2"
      },
      "bin": {
        "wireit": "bin/wireit.js"
      },
      "engines": {
        "node": ">=18.0.0"
      }
    },
    "node_modules/zod": {
      "resolved": "../node_modules/.pnpm/zod@4.4.3/node_modules/zod",
      "link": true
    }
  }
}
